
Microsoft Visual Studio Solution File, Format Version 12.00
# Visual Studio Version 17
VisualStudioVersion = 17.14.36401.2 d17.14
MinimumVisualStudioVersion = 10.0.40219.1
Project("{FAE04EC0-301F-11D3-BF4B-00C04F79EFBC}") = "Lab4", "Lab4.csproj", "{F1C97EA4-4291-4AFD-8623-A9CA4A6315F3}"
EndProject
Global
	GlobalSection(SolutionConfigurationPlatforms) = preSolution
		Debug|Any CPU = Debug|Any CPU
		Release|Any CPU = Release|Any CPU
	EndGlobalSection
	GlobalSection(ProjectConfigurationPlatforms) = postSolution
		{F1C97EA4-4291-4AFD-8623-A9CA4A6315F3}.Debug|Any CPU.ActiveCfg = Debug|Any CPU
		{F1C97EA4-4291-4AFD-8623-A9CA4A6315F3}.Debug|Any CPU.Build.0 = Debug|Any CPU
		{F1C97EA4-4291-4AFD-8623-A9CA4A6315F3}.Release|Any CPU.ActiveCfg = Release|Any CPU
		{F1C97EA4-4291-4AFD-8623-A9CA4A6315F3}.Release|Any CPU.Build.0 = Release|Any CPU
	EndGlobalSection
	GlobalSection(SolutionProperties) = preSolution
		HideSolutionNode = FALSE
	EndGlobalSection
	GlobalSection(ExtensibilityGlobals) = postSolution
		SolutionGuid = {6D45AA44-EED8-4963-AE00-46BA617EF315}
	EndGlobalSection
EndGlobal
