
Microsoft Visual Studio Solution File, Format Version 12.00
# Visual Studio Version 17
VisualStudioVersion = 17.14.36401.2 d17.14
MinimumVisualStudioVersion = 10.0.40219.1
Project("{FAE04EC0-301F-11D3-BF4B-00C04F79EFBC}") = "Day08Lab", "Day08Lab.csproj", "{8D64905F-A76B-48DD-8582-8324AF905A84}"
EndProject
Global
	GlobalSection(SolutionConfigurationPlatforms) = preSolution
		Debug|Any CPU = Debug|Any CPU
		Release|Any CPU = Release|Any CPU
	EndGlobalSection
	GlobalSection(ProjectConfigurationPlatforms) = postSolution
		{8D64905F-A76B-48DD-8582-8324AF905A84}.Debug|Any CPU.ActiveCfg = Debug|Any CPU
		{8D64905F-A76B-48DD-8582-8324AF905A84}.Debug|Any CPU.Build.0 = Debug|Any CPU
		{8D64905F-A76B-48DD-8582-8324AF905A84}.Release|Any CPU.ActiveCfg = Release|Any CPU
		{8D64905F-A76B-48DD-8582-8324AF905A84}.Release|Any CPU.Build.0 = Release|Any CPU
	EndGlobalSection
	GlobalSection(SolutionProperties) = preSolution
		HideSolutionNode = FALSE
	EndGlobalSection
	GlobalSection(ExtensibilityGlobals) = postSolution
		SolutionGuid = {24D885CD-7B80-4BA6-BFF2-5D331EF27F89}
	EndGlobalSection
EndGlobal
