
Microsoft Visual Studio Solution File, Format Version 12.00
# Visual Studio Version 17
VisualStudioVersion = 17.14.36401.2
MinimumVisualStudioVersion = 10.0.40219.1
Project("{FAE04EC0-301F-11D3-BF4B-00C04F79EFBC}") = "Lab3", "Lab3.csproj", "{C3A83BC9-3FB3-4EC3-8CAA-15D4F53CB9FF}"
EndProject
Project("{FAE04EC0-301F-11D3-BF4B-00C04F79EFBC}") = "DemoLab", "..\DemoLab\DemoLab.csproj", "{05B425E7-0C9D-490A-9491-3F4BE26CC74C}"
EndProject
Global
	GlobalSection(SolutionConfigurationPlatforms) = preSolution
		Debug|Any CPU = Debug|Any CPU
		Release|Any CPU = Release|Any CPU
	EndGlobalSection
	GlobalSection(ProjectConfigurationPlatforms) = postSolution
		{C3A83BC9-3FB3-4EC3-8CAA-15D4F53CB9FF}.Debug|Any CPU.ActiveCfg = Debug|Any CPU
		{C3A83BC9-3FB3-4EC3-8CAA-15D4F53CB9FF}.Debug|Any CPU.Build.0 = Debug|Any CPU
		{C3A83BC9-3FB3-4EC3-8CAA-15D4F53CB9FF}.Release|Any CPU.ActiveCfg = Release|Any CPU
		{C3A83BC9-3FB3-4EC3-8CAA-15D4F53CB9FF}.Release|Any CPU.Build.0 = Release|Any CPU
		{05B425E7-0C9D-490A-9491-3F4BE26CC74C}.Debug|Any CPU.ActiveCfg = Debug|Any CPU
		{05B425E7-0C9D-490A-9491-3F4BE26CC74C}.Debug|Any CPU.Build.0 = Debug|Any CPU
		{05B425E7-0C9D-490A-9491-3F4BE26CC74C}.Release|Any CPU.ActiveCfg = Release|Any CPU
		{05B425E7-0C9D-490A-9491-3F4BE26CC74C}.Release|Any CPU.Build.0 = Release|Any CPU
	EndGlobalSection
	GlobalSection(SolutionProperties) = preSolution
		HideSolutionNode = FALSE
	EndGlobalSection
	GlobalSection(ExtensibilityGlobals) = postSolution
		SolutionGuid = {9FCFD024-FE4B-454B-A05A-AC459F4D13F4}
	EndGlobalSection
EndGlobal
