
Microsoft Visual Studio Solution File, Format Version 12.00
# Visual Studio Version 17
VisualStudioVersion = 17.14.36401.2 d17.14
MinimumVisualStudioVersion = 10.0.40219.1
Project("{FAE04EC0-301F-11D3-BF4B-00C04F79EFBC}") = "Annotation", "Annotation.csproj", "{7A09C6F7-B318-4B76-8053-F809B068CB34}"
EndProject
Project("{FAE04EC0-301F-11D3-BF4B-00C04F79EFBC}") = "Category", "..\Category\Category.csproj", "{A4EAE634-677F-4066-AFA6-40F53ABCBA62}"
EndProject
Global
	GlobalSection(SolutionConfigurationPlatforms) = preSolution
		Debug|Any CPU = Debug|Any CPU
		Release|Any CPU = Release|Any CPU
	EndGlobalSection
	GlobalSection(ProjectConfigurationPlatforms) = postSolution
		{7A09C6F7-B318-4B76-8053-F809B068CB34}.Debug|Any CPU.ActiveCfg = Debug|Any CPU
		{7A09C6F7-B318-4B76-8053-F809B068CB34}.Debug|Any CPU.Build.0 = Debug|Any CPU
		{7A09C6F7-B318-4B76-8053-F809B068CB34}.Release|Any CPU.ActiveCfg = Release|Any CPU
		{7A09C6F7-B318-4B76-8053-F809B068CB34}.Release|Any CPU.Build.0 = Release|Any CPU
		{A4EAE634-677F-4066-AFA6-40F53ABCBA62}.Debug|Any CPU.ActiveCfg = Debug|Any CPU
		{A4EAE634-677F-4066-AFA6-40F53ABCBA62}.Debug|Any CPU.Build.0 = Debug|Any CPU
		{A4EAE634-677F-4066-AFA6-40F53ABCBA62}.Release|Any CPU.ActiveCfg = Release|Any CPU
		{A4EAE634-677F-4066-AFA6-40F53ABCBA62}.Release|Any CPU.Build.0 = Release|Any CPU
	EndGlobalSection
	GlobalSection(SolutionProperties) = preSolution
		HideSolutionNode = FALSE
	EndGlobalSection
	GlobalSection(ExtensibilityGlobals) = postSolution
		SolutionGuid = {E61910B1-0872-429F-AEBC-D3709447ED2E}
	EndGlobalSection
EndGlobal
